# This file is generated by running "yarn install" inside your project.
# Manual changes might be lost - proceed with caution!

__metadata:
  version: 6
  cacheKey: 8

"@cspotcode/source-map-support@npm:^0.8.0":
  version: 0.8.1
  resolution: "@cspotcode/source-map-support@npm:0.8.1"
  dependencies:
    "@jridgewell/trace-mapping": 0.3.9
  checksum: 5718f267085ed8edb3e7ef210137241775e607ee18b77d95aa5bd7514f47f5019aa2d82d96b3bf342ef7aa890a346fa1044532ff7cc3009e7d24fce3ce6200fa
  languageName: node
  linkType: hard

"@esbuild/android-arm64@npm:0.17.10":
  version: 0.17.10
  resolution: "@esbuild/android-arm64@npm:0.17.10"
  conditions: os=android & cpu=arm64
  languageName: node
  linkType: hard

"@esbuild/android-arm@npm:0.17.10":
  version: 0.17.10
  resolution: "@esbuild/android-arm@npm:0.17.10"
  conditions: os=android & cpu=arm
  languageName: node
  linkType: hard

"@esbuild/android-x64@npm:0.17.10":
  version: 0.17.10
  resolution: "@esbuild/android-x64@npm:0.17.10"
  conditions: os=android & cpu=x64
  languageName: node
  linkType: hard

"@esbuild/darwin-arm64@npm:0.17.10":
  version: 0.17.10
  resolution: "@esbuild/darwin-arm64@npm:0.17.10"
  conditions: os=darwin & cpu=arm64
  languageName: node
  linkType: hard

"@esbuild/darwin-x64@npm:0.17.10":
  version: 0.17.10
  resolution: "@esbuild/darwin-x64@npm:0.17.10"
  conditions: os=darwin & cpu=x64
  languageName: node
  linkType: hard

"@esbuild/freebsd-arm64@npm:0.17.10":
  version: 0.17.10
  resolution: "@esbuild/freebsd-arm64@npm:0.17.10"
  conditions: os=freebsd & cpu=arm64
  languageName: node
  linkType: hard

"@esbuild/freebsd-x64@npm:0.17.10":
  version: 0.17.10
  resolution: "@esbuild/freebsd-x64@npm:0.17.10"
  conditions: os=freebsd & cpu=x64
  languageName: node
  linkType: hard

"@esbuild/linux-arm64@npm:0.17.10":
  version: 0.17.10
  resolution: "@esbuild/linux-arm64@npm:0.17.10"
  conditions: os=linux & cpu=arm64
  languageName: node
  linkType: hard

"@esbuild/linux-arm@npm:0.17.10":
  version: 0.17.10
  resolution: "@esbuild/linux-arm@npm:0.17.10"
  conditions: os=linux & cpu=arm
  languageName: node
  linkType: hard

"@esbuild/linux-ia32@npm:0.17.10":
  version: 0.17.10
  resolution: "@esbuild/linux-ia32@npm:0.17.10"
  conditions: os=linux & cpu=ia32
  languageName: node
  linkType: hard

"@esbuild/linux-loong64@npm:0.17.10":
  version: 0.17.10
  resolution: "@esbuild/linux-loong64@npm:0.17.10"
  conditions: os=linux & cpu=loong64
  languageName: node
  linkType: hard

"@esbuild/linux-mips64el@npm:0.17.10":
  version: 0.17.10
  resolution: "@esbuild/linux-mips64el@npm:0.17.10"
  conditions: os=linux & cpu=mips64el
  languageName: node
  linkType: hard

"@esbuild/linux-ppc64@npm:0.17.10":
  version: 0.17.10
  resolution: "@esbuild/linux-ppc64@npm:0.17.10"
  conditions: os=linux & cpu=ppc64
  languageName: node
  linkType: hard

"@esbuild/linux-riscv64@npm:0.17.10":
  version: 0.17.10
  resolution: "@esbuild/linux-riscv64@npm:0.17.10"
  conditions: os=linux & cpu=riscv64
  languageName: node
  linkType: hard

"@esbuild/linux-s390x@npm:0.17.10":
  version: 0.17.10
  resolution: "@esbuild/linux-s390x@npm:0.17.10"
  conditions: os=linux & cpu=s390x
  languageName: node
  linkType: hard

"@esbuild/linux-x64@npm:0.17.10":
  version: 0.17.10
  resolution: "@esbuild/linux-x64@npm:0.17.10"
  conditions: os=linux & cpu=x64
  languageName: node
  linkType: hard

"@esbuild/netbsd-x64@npm:0.17.10":
  version: 0.17.10
  resolution: "@esbuild/netbsd-x64@npm:0.17.10"
  conditions: os=netbsd & cpu=x64
  languageName: node
  linkType: hard

"@esbuild/openbsd-x64@npm:0.17.10":
  version: 0.17.10
  resolution: "@esbuild/openbsd-x64@npm:0.17.10"
  conditions: os=openbsd & cpu=x64
  languageName: node
  linkType: hard

"@esbuild/sunos-x64@npm:0.17.10":
  version: 0.17.10
  resolution: "@esbuild/sunos-x64@npm:0.17.10"
  conditions: os=sunos & cpu=x64
  languageName: node
  linkType: hard

"@esbuild/win32-arm64@npm:0.17.10":
  version: 0.17.10
  resolution: "@esbuild/win32-arm64@npm:0.17.10"
  conditions: os=win32 & cpu=arm64
  languageName: node
  linkType: hard

"@esbuild/win32-ia32@npm:0.17.10":
  version: 0.17.10
  resolution: "@esbuild/win32-ia32@npm:0.17.10"
  conditions: os=win32 & cpu=ia32
  languageName: node
  linkType: hard

"@esbuild/win32-x64@npm:0.17.10":
  version: 0.17.10
  resolution: "@esbuild/win32-x64@npm:0.17.10"
  conditions: os=win32 & cpu=x64
  languageName: node
  linkType: hard

"@fast-csv/format@npm:4.3.5":
  version: 4.3.5
  resolution: "@fast-csv/format@npm:4.3.5"
  dependencies:
    "@types/node": ^14.0.1
    lodash.escaperegexp: ^4.1.2
    lodash.isboolean: ^3.0.3
    lodash.isequal: ^4.5.0
    lodash.isfunction: ^3.0.9
    lodash.isnil: ^4.0.0
  checksum: 36d5fb76c26179bd1718dffd49fc88f4ab62675464d7ec44c5f1de55b8c454ecdf3faf84fe291df934832233f531d24c810a71cc0c390c7c4df09685d614c65b
  languageName: node
  linkType: hard

"@fast-csv/parse@npm:4.3.6":
  version: 4.3.6
  resolution: "@fast-csv/parse@npm:4.3.6"
  dependencies:
    "@types/node": ^14.0.1
    lodash.escaperegexp: ^4.1.2
    lodash.groupby: ^4.6.0
    lodash.isfunction: ^3.0.9
    lodash.isnil: ^4.0.0
    lodash.isundefined: ^3.0.1
    lodash.uniq: ^4.5.0
  checksum: 15434d2bc7a71af63a4cc45352a58f6edd69d464233fd6f9a808a8efb9ae326832b4f78d1ddcf9fc3bbf166e9c1dce19671c4de40371a926d60cb7c5a8bad08a
  languageName: node
  linkType: hard

"@jridgewell/resolve-uri@npm:^3.0.3":
  version: 3.1.0
  resolution: "@jridgewell/resolve-uri@npm:3.1.0"
  checksum: b5ceaaf9a110fcb2780d1d8f8d4a0bfd216702f31c988d8042e5f8fbe353c55d9b0f55a1733afdc64806f8e79c485d2464680ac48a0d9fcadb9548ee6b81d267
  languageName: node
  linkType: hard

"@jridgewell/sourcemap-codec@npm:^1.4.10":
  version: 1.4.14
  resolution: "@jridgewell/sourcemap-codec@npm:1.4.14"
  checksum: 61100637b6d173d3ba786a5dff019e1a74b1f394f323c1fee337ff390239f053b87266c7a948777f4b1ee68c01a8ad0ab61e5ff4abb5a012a0b091bec391ab97
  languageName: node
  linkType: hard

"@jridgewell/trace-mapping@npm:0.3.9":
  version: 0.3.9
  resolution: "@jridgewell/trace-mapping@npm:0.3.9"
  dependencies:
    "@jridgewell/resolve-uri": ^3.0.3
    "@jridgewell/sourcemap-codec": ^1.4.10
  checksum: d89597752fd88d3f3480845691a05a44bd21faac18e2185b6f436c3b0fd0c5a859fbbd9aaa92050c4052caf325ad3e10e2e1d1b64327517471b7d51babc0ddef
  languageName: node
  linkType: hard

"@sindresorhus/is@npm:^5.2.0":
  version: 5.3.0
  resolution: "@sindresorhus/is@npm:5.3.0"
  checksum: b31cebabcdece3d5322de2a4dbc8c0f004e04147a00f2606787bcaf5655ad4b1954f6727fc6914c524009b2b9a2cc01c42835b55f651ce69fd2a0083b60bb852
  languageName: node
  linkType: hard

"@szmarczak/http-timer@npm:^5.0.1":
  version: 5.0.1
  resolution: "@szmarczak/http-timer@npm:5.0.1"
  dependencies:
    defer-to-connect: ^2.0.1
  checksum: fc9cb993e808806692e4a3337c90ece0ec00c89f4b67e3652a356b89730da98bc824273a6d67ca84d5f33cd85f317dcd5ce39d8cc0a2f060145a608a7cb8ce92
  languageName: node
  linkType: hard

"@tsconfig/node10@npm:^1.0.7":
  version: 1.0.9
  resolution: "@tsconfig/node10@npm:1.0.9"
  checksum: a33ae4dc2a621c0678ac8ac4bceb8e512ae75dac65417a2ad9b022d9b5411e863c4c198b6ba9ef659e14b9fb609bbec680841a2e84c1172df7a5ffcf076539df
  languageName: node
  linkType: hard

"@tsconfig/node12@npm:^1.0.7":
  version: 1.0.11
  resolution: "@tsconfig/node12@npm:1.0.11"
  checksum: 5ce29a41b13e7897a58b8e2df11269c5395999e588b9a467386f99d1d26f6c77d1af2719e407621412520ea30517d718d5192a32403b8dfcc163bf33e40a338a
  languageName: node
  linkType: hard

"@tsconfig/node14@npm:^1.0.0":
  version: 1.0.3
  resolution: "@tsconfig/node14@npm:1.0.3"
  checksum: 19275fe80c4c8d0ad0abed6a96dbf00642e88b220b090418609c4376e1cef81bf16237bf170ad1b341452feddb8115d8dd2e5acdfdea1b27422071163dc9ba9d
  languageName: node
  linkType: hard

"@tsconfig/node16@npm:^1.0.2":
  version: 1.0.3
  resolution: "@tsconfig/node16@npm:1.0.3"
  checksum: 3a8b657dd047495b7ad23437d6afd20297ce90380ff0bdee93fc7d39a900dbd8d9e26e53ff6b465e7967ce2adf0b218782590ce9013285121e6a5928fbd6819f
  languageName: node
  linkType: hard

"@types/http-cache-semantics@npm:^4.0.1":
  version: 4.0.1
  resolution: "@types/http-cache-semantics@npm:4.0.1"
  checksum: 1048aacf627829f0d5f00184e16548205cd9f964bf0841c29b36bc504509230c40bc57c39778703a1c965a6f5b416ae2cbf4c1d4589c889d2838dd9dbfccf6e9
  languageName: node
  linkType: hard

"@types/node@npm:^14.0.1":
  version: 14.18.37
  resolution: "@types/node@npm:14.18.37"
  checksum: d21e8c58ddd01ae069b196c2a4eaf9c9749e6666565349667334c60cfc119c1fa280234a8001157dd7ffe73501ce4f4940ca05f9d5c402c5abe78c8dca8376a6
  languageName: node
  linkType: hard

"@types/node@npm:^18.14.2":
  version: 18.14.2
  resolution: "@types/node@npm:18.14.2"
  checksum: 53c07e721f6ae33de71306f6a0b75dae6066a4f55bd5484c93bd59ff25f0c5f004ceafeef509a4d0cb9e24a247efc34d50489bcc1b05a53ecc68e2fc088e65cb
  languageName: node
  linkType: hard

"acorn-walk@npm:^8.1.1":
  version: 8.2.0
  resolution: "acorn-walk@npm:8.2.0"
  checksum: 1715e76c01dd7b2d4ca472f9c58968516a4899378a63ad5b6c2d668bba8da21a71976c14ec5f5b75f887b6317c4ae0b897ab141c831d741dc76024d8745f1ad1
  languageName: node
  linkType: hard

"acorn@npm:^8.4.1":
  version: 8.8.2
  resolution: "acorn@npm:8.8.2"
  bin:
    acorn: bin/acorn
  checksum: f790b99a1bf63ef160c967e23c46feea7787e531292bb827126334612c234ed489a0dc2c7ba33156416f0ffa8d25bf2b0fdb7f35c2ba60eb3e960572bece4001
  languageName: node
  linkType: hard

"arg@npm:^4.1.0":
  version: 4.1.3
  resolution: "arg@npm:4.1.3"
  checksum: 544af8dd3f60546d3e4aff084d451b96961d2267d668670199692f8d054f0415d86fc5497d0e641e91546f0aa920e7c29e5250e99fc89f5552a34b5d93b77f43
  languageName: node
  linkType: hard

"board-game-battle@workspace:.":
  version: 0.0.0-use.local
  resolution: "board-game-battle@workspace:."
  dependencies:
    esbuild: ^0.17.10
    ts-node: ^10.9.1
    typescript: ^4.9.5
  languageName: unknown
  linkType: soft

"cacheable-lookup@npm:^7.0.0":
  version: 7.0.0
  resolution: "cacheable-lookup@npm:7.0.0"
  checksum: 9e2856763fc0a7347ab34d704c010440b819d4bb5e3593b664381b7433e942dd22e67ee5581f12256f908e79b82d30b86ebbacf40a081bfe10ee93fbfbc2d6a9
  languageName: node
  linkType: hard

"cacheable-request@npm:^10.2.1":
  version: 10.2.8
  resolution: "cacheable-request@npm:10.2.8"
  dependencies:
    "@types/http-cache-semantics": ^4.0.1
    get-stream: ^6.0.1
    http-cache-semantics: ^4.1.1
    keyv: ^4.5.2
    mimic-response: ^4.0.0
    normalize-url: ^8.0.0
    responselike: ^3.0.0
  checksum: 5b2abf93866ee7219c7c11929f02e4b97a2bf38b6403a0ad3786d3be607293676a10b70bcd8080e103a0f28e0ab4aa4b03a1550c01a08edbf1abf46ef0a9419f
  languageName: node
  linkType: hard

"create-require@npm:^1.1.0":
  version: 1.1.1
  resolution: "create-require@npm:1.1.1"
  checksum: a9a1503d4390d8b59ad86f4607de7870b39cad43d929813599a23714831e81c520bddf61bcdd1f8e30f05fd3a2b71ae8538e946eb2786dc65c2bbc520f692eff
  languageName: node
  linkType: hard

"decompress-response@npm:^6.0.0":
  version: 6.0.0
  resolution: "decompress-response@npm:6.0.0"
  dependencies:
    mimic-response: ^3.1.0
  checksum: d377cf47e02d805e283866c3f50d3d21578b779731e8c5072d6ce8c13cc31493db1c2f6784da9d1d5250822120cefa44f1deab112d5981015f2e17444b763812
  languageName: node
  linkType: hard

"defer-to-connect@npm:^2.0.1":
  version: 2.0.1
  resolution: "defer-to-connect@npm:2.0.1"
  checksum: 8a9b50d2f25446c0bfefb55a48e90afd58f85b21bcf78e9207cd7b804354f6409032a1705c2491686e202e64fc05f147aa5aa45f9aa82627563f045937f5791b
  languageName: node
  linkType: hard

"diff@npm:^4.0.1":
  version: 4.0.2
  resolution: "diff@npm:4.0.2"
  checksum: f2c09b0ce4e6b301c221addd83bf3f454c0bc00caa3dd837cf6c127d6edf7223aa2bbe3b688feea110b7f262adbfc845b757c44c8a9f8c0c5b15d8fa9ce9d20d
  languageName: node
  linkType: hard

"esbuild-node-externals@npm:^1.6.0":
  version: 1.6.0
  resolution: "esbuild-node-externals@npm:1.6.0"
  dependencies:
    find-up: ^5.0.0
    tslib: ^2.4.1
  peerDependencies:
    esbuild: 0.12 - 0.16
  checksum: dacc96228e610a391318c4fa46b2dfd2a923ab5819bff1b1e5ae92799d1eda18a8efc1836216a157fd5ab6a7bf65596f231e261b1bf18bfc23f5b7c850ee8c07
  languageName: node
  linkType: hard

"esbuild@npm:^0.17.10":
  version: 0.17.10
  resolution: "esbuild@npm:0.17.10"
  dependencies:
    "@esbuild/android-arm": 0.17.10
    "@esbuild/android-arm64": 0.17.10
    "@esbuild/android-x64": 0.17.10
    "@esbuild/darwin-arm64": 0.17.10
    "@esbuild/darwin-x64": 0.17.10
    "@esbuild/freebsd-arm64": 0.17.10
    "@esbuild/freebsd-x64": 0.17.10
    "@esbuild/linux-arm": 0.17.10
    "@esbuild/linux-arm64": 0.17.10
    "@esbuild/linux-ia32": 0.17.10
    "@esbuild/linux-loong64": 0.17.10
    "@esbuild/linux-mips64el": 0.17.10
    "@esbuild/linux-ppc64": 0.17.10
    "@esbuild/linux-riscv64": 0.17.10
    "@esbuild/linux-s390x": 0.17.10
    "@esbuild/linux-x64": 0.17.10
    "@esbuild/netbsd-x64": 0.17.10
    "@esbuild/openbsd-x64": 0.17.10
    "@esbuild/sunos-x64": 0.17.10
    "@esbuild/win32-arm64": 0.17.10
    "@esbuild/win32-ia32": 0.17.10
    "@esbuild/win32-x64": 0.17.10
  dependenciesMeta:
    "@esbuild/android-arm":
      optional: true
    "@esbuild/android-arm64":
      optional: true
    "@esbuild/android-x64":
      optional: true
    "@esbuild/darwin-arm64":
      optional: true
    "@esbuild/darwin-x64":
      optional: true
    "@esbuild/freebsd-arm64":
      optional: true
    "@esbuild/freebsd-x64":
      optional: true
    "@esbuild/linux-arm":
      optional: true
    "@esbuild/linux-arm64":
      optional: true
    "@esbuild/linux-ia32":
      optional: true
    "@esbuild/linux-loong64":
      optional: true
    "@esbuild/linux-mips64el":
      optional: true
    "@esbuild/linux-ppc64":
      optional: true
    "@esbuild/linux-riscv64":
      optional: true
    "@esbuild/linux-s390x":
      optional: true
    "@esbuild/linux-x64":
      optional: true
    "@esbuild/netbsd-x64":
      optional: true
    "@esbuild/openbsd-x64":
      optional: true
    "@esbuild/sunos-x64":
      optional: true
    "@esbuild/win32-arm64":
      optional: true
    "@esbuild/win32-ia32":
      optional: true
    "@esbuild/win32-x64":
      optional: true
  bin:
    esbuild: bin/esbuild
  checksum: 803de327036528c140b3d1d8e148604fd1446062b63d2b5a49cd8fe5fa607dc41be915f28dec1242be77164378e3ca27a2ed2968692a73cc833896c7bebc0e12
  languageName: node
  linkType: hard

"fast-csv@npm:^4.3.6":
  version: 4.3.6
  resolution: "fast-csv@npm:4.3.6"
  dependencies:
    "@fast-csv/format": 4.3.5
    "@fast-csv/parse": 4.3.6
  checksum: 77ae68c08b368a19f2b6e933160d0c5d4934513ef903577c44c84ea08befe1a6638a9480238dfcd55f14c7ddcafdb772c9408dd9d145eca62a147c503ff493a9
  languageName: node
  linkType: hard

"find-up@npm:^5.0.0":
  version: 5.0.0
  resolution: "find-up@npm:5.0.0"
  dependencies:
    locate-path: ^6.0.0
    path-exists: ^4.0.0
  checksum: 07955e357348f34660bde7920783204ff5a26ac2cafcaa28bace494027158a97b9f56faaf2d89a6106211a8174db650dd9f503f9c0d526b1202d5554a00b9095
  languageName: node
  linkType: hard

"form-data-encoder@npm:^2.1.2":
  version: 2.1.4
  resolution: "form-data-encoder@npm:2.1.4"
  checksum: e0b3e5950fb69b3f32c273944620f9861f1933df9d3e42066e038e26dfb343d0f4465de9f27e0ead1a09d9df20bc2eed06a63c2ca2f8f00949e7202bae9e29dd
  languageName: node
  linkType: hard

"get-stream@npm:^6.0.1":
  version: 6.0.1
  resolution: "get-stream@npm:6.0.1"
  checksum: e04ecece32c92eebf5b8c940f51468cd53554dcbb0ea725b2748be583c9523d00128137966afce410b9b051eb2ef16d657cd2b120ca8edafcf5a65e81af63cad
  languageName: node
  linkType: hard

"got@npm:^12.5.3":
  version: 12.5.3
  resolution: "got@npm:12.5.3"
  dependencies:
    "@sindresorhus/is": ^5.2.0
    "@szmarczak/http-timer": ^5.0.1
    cacheable-lookup: ^7.0.0
    cacheable-request: ^10.2.1
    decompress-response: ^6.0.0
    form-data-encoder: ^2.1.2
    get-stream: ^6.0.1
    http2-wrapper: ^2.1.10
    lowercase-keys: ^3.0.0
    p-cancelable: ^3.0.0
    responselike: ^3.0.0
  checksum: e35ea3ccdb5f2c36d0bb9648a6a87300d017900ce2e647ad95f54a6fb674a82fe7d53b2c838542d15a9fa25290cc5361d6f82cadac3e94b2e91d93b5670cf304
  languageName: node
  linkType: hard

"http-cache-semantics@npm:^4.1.1":
  version: 4.1.1
  resolution: "http-cache-semantics@npm:4.1.1"
  checksum: 83ac0bc60b17a3a36f9953e7be55e5c8f41acc61b22583060e8dedc9dd5e3607c823a88d0926f9150e571f90946835c7fe150732801010845c72cd8bbff1a236
  languageName: node
  linkType: hard

"http2-wrapper@npm:^2.1.10":
  version: 2.2.0
  resolution: "http2-wrapper@npm:2.2.0"
  dependencies:
    quick-lru: ^5.1.1
    resolve-alpn: ^1.2.0
  checksum: 6fd20e5cb6a58151715b3581e06a62a47df943187d2d1f69e538a50cccb7175dd334ecfde7900a37d18f3e13a1a199518a2c211f39860e81e9a16210c199cfaa
  languageName: node
  linkType: hard

"json-buffer@npm:3.0.1":
  version: 3.0.1
  resolution: "json-buffer@npm:3.0.1"
  checksum: 9026b03edc2847eefa2e37646c579300a1f3a4586cfb62bf857832b60c852042d0d6ae55d1afb8926163fa54c2b01d83ae24705f34990348bdac6273a29d4581
  languageName: node
  linkType: hard

"keyv@npm:^4.5.2":
  version: 4.5.2
  resolution: "keyv@npm:4.5.2"
  dependencies:
    json-buffer: 3.0.1
  checksum: 13ad58303acd2261c0d4831b4658451603fd159e61daea2121fcb15feb623e75ee328cded0572da9ca76b7b3ceaf8e614f1806c6b3af5db73c9c35a345259651
  languageName: node
  linkType: hard

"locate-path@npm:^6.0.0":
  version: 6.0.0
  resolution: "locate-path@npm:6.0.0"
  dependencies:
    p-locate: ^5.0.0
  checksum: 72eb661788a0368c099a184c59d2fee760b3831c9c1c33955e8a19ae4a21b4116e53fa736dc086cdeb9fce9f7cc508f2f92d2d3aae516f133e16a2bb59a39f5a
  languageName: node
  linkType: hard

"lodash.escaperegexp@npm:^4.1.2":
  version: 4.1.2
  resolution: "lodash.escaperegexp@npm:4.1.2"
  checksum: 6d99452b1cfd6073175a9b741a9b09ece159eac463f86f02ea3bee2e2092923fce812c8d2bf446309cc52d1d61bf9af51c8118b0d7421388e6cead7bd3798f0f
  languageName: node
  linkType: hard

"lodash.groupby@npm:^4.6.0":
  version: 4.6.0
  resolution: "lodash.groupby@npm:4.6.0"
  checksum: e2d4d13d12790a1cacab3f5f120b7c072a792224e83b2f403218866d18efde76024b2579996dfebb230a61ce06469332e16639103669a35a605287e19ced6b9b
  languageName: node
  linkType: hard

"lodash.isboolean@npm:^3.0.3":
  version: 3.0.3
  resolution: "lodash.isboolean@npm:3.0.3"
  checksum: b70068b4a8b8837912b54052557b21fc4774174e3512ed3c5b94621e5aff5eb6c68089d0a386b7e801d679cd105d2e35417978a5e99071750aa2ed90bffd0250
  languageName: node
  linkType: hard

"lodash.isequal@npm:^4.5.0":
  version: 4.5.0
  resolution: "lodash.isequal@npm:4.5.0"
  checksum: da27515dc5230eb1140ba65ff8de3613649620e8656b19a6270afe4866b7bd461d9ba2ac8a48dcc57f7adac4ee80e1de9f965d89d4d81a0ad52bb3eec2609644
  languageName: node
  linkType: hard

"lodash.isfunction@npm:^3.0.9":
  version: 3.0.9
  resolution: "lodash.isfunction@npm:3.0.9"
  checksum: 99e54c34b1e8a9ba75c034deb39cedbd2aca7af685815e67a2a8ec4f73ec9748cda6ebee5a07d7de4b938e90d421fd280e9c385cc190f903ac217ac8aff30314
  languageName: node
  linkType: hard

"lodash.isnil@npm:^4.0.0":
  version: 4.0.0
  resolution: "lodash.isnil@npm:4.0.0"
  checksum: ebf8df69879badd6ad99c4f64c54c470248df5cf92b208ca730861b1d8ac058da7b632ac811d18b0929d93cbac8d8fc866e781ee816b0142c56952e85edc682f
  languageName: node
  linkType: hard

"lodash.isundefined@npm:^3.0.1":
  version: 3.0.1
  resolution: "lodash.isundefined@npm:3.0.1"
  checksum: 52b4d99a47bd41daa4e2860200258f56b1f2c99263c11a5f607fbbd91d6447fe674bdafc172735d099908a09136d4a0f98cf79715e38ca4b490fdda7162be289
  languageName: node
  linkType: hard

"lodash.uniq@npm:^4.5.0":
  version: 4.5.0
  resolution: "lodash.uniq@npm:4.5.0"
  checksum: a4779b57a8d0f3c441af13d9afe7ecff22dd1b8ce1129849f71d9bbc8e8ee4e46dfb4b7c28f7ad3d67481edd6e51126e4e2a6ee276e25906d10f7140187c392d
  languageName: node
  linkType: hard

"lowercase-keys@npm:^3.0.0":
  version: 3.0.0
  resolution: "lowercase-keys@npm:3.0.0"
  checksum: 67a3f81409af969bc0c4ca0e76cd7d16adb1e25aa1c197229587eaf8671275c8c067cd421795dbca4c81be0098e4c426a086a05e30de8a9c587b7a13c0c7ccc5
  languageName: node
  linkType: hard

"make-error@npm:^1.1.1":
  version: 1.3.6
  resolution: "make-error@npm:1.3.6"
  checksum: b86e5e0e25f7f777b77fabd8e2cbf15737972869d852a22b7e73c17623928fccb826d8e46b9951501d3f20e51ad74ba8c59ed584f610526a48f8ccf88aaec402
  languageName: node
  linkType: hard

"mimic-response@npm:^3.1.0":
  version: 3.1.0
  resolution: "mimic-response@npm:3.1.0"
  checksum: 25739fee32c17f433626bf19f016df9036b75b3d84a3046c7d156e72ec963dd29d7fc8a302f55a3d6c5a4ff24259676b15d915aad6480815a969ff2ec0836867
  languageName: node
  linkType: hard

"mimic-response@npm:^4.0.0":
  version: 4.0.0
  resolution: "mimic-response@npm:4.0.0"
  checksum: 33b804cc961efe206efdb1fca6a22540decdcfce6c14eb5c0c50e5ae9022267ab22ce8f5568b1f7247ba67500fe20d523d81e0e9f009b321ccd9d472e78d1850
  languageName: node
  linkType: hard

"normalize-url@npm:^8.0.0":
  version: 8.0.0
  resolution: "normalize-url@npm:8.0.0"
  checksum: 24c20b75ebfd526d8453084692720b49d111c63c0911f1b7447427829597841eef5a8ba3f6bb93d6654007b991c1f5cd85da2c907800e439e2e2ec6c2abd0fc0
  languageName: node
  linkType: hard

"p-cancelable@npm:^3.0.0":
  version: 3.0.0
  resolution: "p-cancelable@npm:3.0.0"
  checksum: 2b5ae34218f9c2cf7a7c18e5d9a726ef9b165ef07e6c959f6738371509e747334b5f78f3bcdeb03d8a12dcb978faf641fd87eb21486ed7d36fb823b8ddef3219
  languageName: node
  linkType: hard

"p-limit@npm:^3.0.2":
  version: 3.1.0
  resolution: "p-limit@npm:3.1.0"
  dependencies:
    yocto-queue: ^0.1.0
  checksum: 7c3690c4dbf62ef625671e20b7bdf1cbc9534e83352a2780f165b0d3ceba21907e77ad63401708145ca4e25bfc51636588d89a8c0aeb715e6c37d1c066430360
  languageName: node
  linkType: hard

"p-locate@npm:^5.0.0":
  version: 5.0.0
  resolution: "p-locate@npm:5.0.0"
  dependencies:
    p-limit: ^3.0.2
  checksum: 1623088f36cf1cbca58e9b61c4e62bf0c60a07af5ae1ca99a720837356b5b6c5ba3eb1b2127e47a06865fee59dd0453cad7cc844cda9d5a62ac1a5a51b7c86d3
  languageName: node
  linkType: hard

"path-exists@npm:^4.0.0":
  version: 4.0.0
  resolution: "path-exists@npm:4.0.0"
  checksum: 505807199dfb7c50737b057dd8d351b82c033029ab94cb10a657609e00c1bc53b951cfdbccab8de04c5584d5eff31128ce6afd3db79281874a5ef2adbba55ed1
  languageName: node
  linkType: hard

"property-expr@npm:^2.0.5":
  version: 2.0.5
  resolution: "property-expr@npm:2.0.5"
  checksum: 4ebe82ce45aaf1527e96e2ab84d75d25217167ec3ff6378cf83a84fb4abc746e7c65768a79d275881602ae82f168f9a6dfaa7f5e331d0fcc83d692770bcce5f1
  languageName: node
  linkType: hard

"quick-lru@npm:^5.1.1":
  version: 5.1.1
  resolution: "quick-lru@npm:5.1.1"
  checksum: a516faa25574be7947969883e6068dbe4aa19e8ef8e8e0fd96cddd6d36485e9106d85c0041a27153286b0770b381328f4072aa40d3b18a19f5f7d2b78b94b5ed
  languageName: node
  linkType: hard

"resolve-alpn@npm:^1.2.0":
  version: 1.2.1
  resolution: "resolve-alpn@npm:1.2.1"
  checksum: f558071fcb2c60b04054c99aebd572a2af97ef64128d59bef7ab73bd50d896a222a056de40ffc545b633d99b304c259ea9d0c06830d5c867c34f0bfa60b8eae0
  languageName: node
  linkType: hard

"responselike@npm:^3.0.0":
  version: 3.0.0
  resolution: "responselike@npm:3.0.0"
  dependencies:
    lowercase-keys: ^3.0.0
  checksum: e0cc9be30df4f415d6d83cdede3c5c887cd4a73e7cc1708bcaab1d50a28d15acb68460ac5b02bcc55a42f3d493729c8856427dcf6e57e6e128ad05cba4cfb95e
  languageName: node
  linkType: hard

"retrieve@workspace:retrieve":
  version: 0.0.0-use.local
  resolution: "retrieve@workspace:retrieve"
  dependencies:
    "@types/node": ^18.14.2
    esbuild: ^0.17.10
    esbuild-node-externals: ^1.6.0
    fast-csv: ^4.3.6
    got: ^12.5.3
    ts-node: ^10.9.1
    typescript: ^4.9.5
    yup: ^1.0.2
  languageName: unknown
  linkType: soft

"tiny-case@npm:^1.0.3":
  version: 1.0.3
  resolution: "tiny-case@npm:1.0.3"
  checksum: 3f7a30c39d5b0e1bc097b0b271bec14eb5b836093db034f35a0de26c14422380b50dc12bfd37498cf35b192f5df06f28a710712c87ead68872a9e37ad6f6049d
  languageName: node
  linkType: hard

"toposort@npm:^2.0.2":
  version: 2.0.2
  resolution: "toposort@npm:2.0.2"
  checksum: d64c74b570391c9432873f48e231b439ee56bc49f7cb9780b505cfdf5cb832f808d0bae072515d93834dd6bceca5bb34448b5b4b408335e4d4716eaf68195dcb
  languageName: node
  linkType: hard

"ts-node@npm:^10.9.1":
  version: 10.9.1
  resolution: "ts-node@npm:10.9.1"
  dependencies:
    "@cspotcode/source-map-support": ^0.8.0
    "@tsconfig/node10": ^1.0.7
    "@tsconfig/node12": ^1.0.7
    "@tsconfig/node14": ^1.0.0
    "@tsconfig/node16": ^1.0.2
    acorn: ^8.4.1
    acorn-walk: ^8.1.1
    arg: ^4.1.0
    create-require: ^1.1.0
    diff: ^4.0.1
    make-error: ^1.1.1
    v8-compile-cache-lib: ^3.0.1
    yn: 3.1.1
  peerDependencies:
    "@swc/core": ">=1.2.50"
    "@swc/wasm": ">=1.2.50"
    "@types/node": "*"
    typescript: ">=2.7"
  peerDependenciesMeta:
    "@swc/core":
      optional: true
    "@swc/wasm":
      optional: true
  bin:
    ts-node: dist/bin.js
    ts-node-cwd: dist/bin-cwd.js
    ts-node-esm: dist/bin-esm.js
    ts-node-script: dist/bin-script.js
    ts-node-transpile-only: dist/bin-transpile.js
    ts-script: dist/bin-script-deprecated.js
  checksum: 090adff1302ab20bd3486e6b4799e90f97726ed39e02b39e566f8ab674fd5bd5f727f43615debbfc580d33c6d9d1c6b1b3ce7d8e3cca3e20530a145ffa232c35
  languageName: node
  linkType: hard

"tslib@npm:^2.4.1":
  version: 2.5.0
  resolution: "tslib@npm:2.5.0"
  checksum: ae3ed5f9ce29932d049908ebfdf21b3a003a85653a9a140d614da6b767a93ef94f460e52c3d787f0e4f383546981713f165037dc2274df212ea9f8a4541004e1
  languageName: node
  linkType: hard

"type-fest@npm:^2.19.0":
  version: 2.19.0
  resolution: "type-fest@npm:2.19.0"
  checksum: a4ef07ece297c9fba78fc1bd6d85dff4472fe043ede98bd4710d2615d15776902b595abf62bd78339ed6278f021235fb28a96361f8be86ed754f778973a0d278
  languageName: node
  linkType: hard

"typescript@npm:^4.9.5":
  version: 4.9.5
  resolution: "typescript@npm:4.9.5"
  bin:
    tsc: bin/tsc
    tsserver: bin/tsserver
  checksum: ee000bc26848147ad423b581bd250075662a354d84f0e06eb76d3b892328d8d4440b7487b5a83e851b12b255f55d71835b008a66cbf8f255a11e4400159237db
  languageName: node
  linkType: hard

"typescript@patch:typescript@^4.9.5#~builtin<compat/typescript>":
  version: 4.9.5
  resolution: "typescript@patch:typescript@npm%3A4.9.5#~builtin<compat/typescript>::version=4.9.5&hash=23ec76"
  bin:
    tsc: bin/tsc
    tsserver: bin/tsserver
  checksum: ab417a2f398380c90a6cf5a5f74badd17866adf57f1165617d6a551f059c3ba0a3e4da0d147b3ac5681db9ac76a303c5876394b13b3de75fdd5b1eaa06181c9d
  languageName: node
  linkType: hard

"v8-compile-cache-lib@npm:^3.0.1":
  version: 3.0.1
  resolution: "v8-compile-cache-lib@npm:3.0.1"
  checksum: 78089ad549e21bcdbfca10c08850022b22024cdcc2da9b168bcf5a73a6ed7bf01a9cebb9eac28e03cd23a684d81e0502797e88f3ccd27a32aeab1cfc44c39da0
  languageName: node
  linkType: hard

"yn@npm:3.1.1":
  version: 3.1.1
  resolution: "yn@npm:3.1.1"
  checksum: 2c487b0e149e746ef48cda9f8bad10fc83693cd69d7f9dcd8be4214e985de33a29c9e24f3c0d6bcf2288427040a8947406ab27f7af67ee9456e6b84854f02dd6
  languageName: node
  linkType: hard

"yocto-queue@npm:^0.1.0":
  version: 0.1.0
  resolution: "yocto-queue@npm:0.1.0"
  checksum: f77b3d8d00310def622123df93d4ee654fc6a0096182af8bd60679ddcdfb3474c56c6c7190817c84a2785648cdee9d721c0154eb45698c62176c322fb46fc700
  languageName: node
  linkType: hard

"yup@npm:^1.0.2":
  version: 1.0.2
  resolution: "yup@npm:1.0.2"
  dependencies:
    property-expr: ^2.0.5
    tiny-case: ^1.0.3
    toposort: ^2.0.2
    type-fest: ^2.19.0
  checksum: 1cb9c490853739aa0c576c87a81008dd3612985dd2da5ff6127b77640465fa906bb47ed30a7c97824b4a3f525010b2d7f614ebbd442b02e16433675c4d66f0b8
  languageName: node
  linkType: hard
